
Microsoft Visual Studio Solution File, Format Version 12.00
# Visual Studio Version 16
VisualStudioVersion = 16.0.29509.3
MinimumVisualStudioVersion = 10.0.40219.1
Project("{8BC9CEB8-8B4A-11D0-8D11-00A0C91BC942}") = "lpx-syxtobin", "lpx-syxtobin\lpx-syxtobin.vcxproj", "{3043D50F-8FD9-4F1B-9A3A-1FBC46343AA3}"
EndProject
Project("{2150E333-8FDC-42A3-9474-1A3956D46DE8}") = "common", "common", "{81F1E3B6-75A7-4D20-9FDD-70E8E28CDD06}"
	ProjectSection(SolutionItems) = preProject
		common\cli.cpp = common\cli.cpp
		common\cli.h = common\cli.h
		common\common.cpp = common\common.cpp
		common\common.h = common\common.h
	EndProjectSection
EndProject
Project("{8BC9CEB8-8B4A-11D0-8D11-00A0C91BC942}") = "lpx-bintosyx", "lpx-bintosyx\lpx-bintosyx.vcxproj", "{10E11ABD-AF81-4409-B750-8D20F566DBC0}"
EndProject
Global
	GlobalSection(SolutionConfigurationPlatforms) = preSolution
		Debug|x64 = Debug|x64
		Release|x64 = Release|x64
	EndGlobalSection
	GlobalSection(ProjectConfigurationPlatforms) = postSolution
		{3043D50F-8FD9-4F1B-9A3A-1FBC46343AA3}.Debug|x64.ActiveCfg = Debug|x64
		{3043D50F-8FD9-4F1B-9A3A-1FBC46343AA3}.Debug|x64.Build.0 = Debug|x64
		{3043D50F-8FD9-4F1B-9A3A-1FBC46343AA3}.Release|x64.ActiveCfg = Release|x64
		{3043D50F-8FD9-4F1B-9A3A-1FBC46343AA3}.Release|x64.Build.0 = Release|x64
		{10E11ABD-AF81-4409-B750-8D20F566DBC0}.Debug|x64.ActiveCfg = Debug|x64
		{10E11ABD-AF81-4409-B750-8D20F566DBC0}.Debug|x64.Build.0 = Debug|x64
		{10E11ABD-AF81-4409-B750-8D20F566DBC0}.Release|x64.ActiveCfg = Release|x64
		{10E11ABD-AF81-4409-B750-8D20F566DBC0}.Release|x64.Build.0 = Release|x64
	EndGlobalSection
	GlobalSection(SolutionProperties) = preSolution
		HideSolutionNode = FALSE
	EndGlobalSection
	GlobalSection(ExtensibilityGlobals) = postSolution
		SolutionGuid = {0E9B5350-00FD-4FAB-8A0C-261B9C7B2864}
	EndGlobalSection
EndGlobal
